# Generated by pub
# See https://dart.dev/tools/pub/glossary#lockfile
packages:
  smart_arrays_base:
    dependency: "direct main"
    description:
      path: "../../smart_arrays_base"
      relative: true
    source: path
    version: "3.0.0"
  smart_arrays_compress:
    dependency: transitive
    description:
      path: "../../smart_arrays_compress"
      relative: true
    source: path
    version: "3.0.0"
  smart_arrays_contour_finder:
    dependency: transitive
    description:
      path: "../../smart_arrays_contour_finder"
      relative: true
    source: path
    version: "3.0.0"
  smart_arrays_numerics:
    dependency: transitive
    description:
      path: "../../smart_arrays_numerics"
      relative: true
    source: path
    version: "3.0.0"
  smart_arrays_peaks:
    dependency: "direct main"
    description:
      path: ".."
      relative: true
    source: path
    version: "3.0.0"
  smart_arrays_plot_polyline:
    dependency: "direct main"
    description:
      path: "../../smart_arrays_plot_polyline"
      relative: true
    source: path
    version: "3.0.0"
  smart_arrays_sample_data:
    dependency: "direct main"
    description:
      path: "../../smart_arrays_sample_data"
      relative: true
    source: path
    version: "3.0.0"
  smart_lorentz_gauss:
    dependency: "direct main"
    description:
      path: "../../smart_lorentz_gauss"
      relative: true
    source: path
    version: "3.0.0"
sdks:
  dart: ">=2.19.0 <4.0.0"
